// !$*UTF8*$!
{
	archiveVersion = 1;
	classes = {
	};
	objectVersion = 50;
	objects = {

/* Begin PBXBuildFile section */
		551E679A22F776F30018E597 /* RegisterViewController.swift in Sources */ = {isa = PBXBuildFile; fileRef = 551E679922F776F30018E597 /* RegisterViewController.swift */; };
		551E679C22F797FB0018E597 /* MainTabController.swift in Sources */ = {isa = PBXBuildFile; fileRef = 551E679B22F797FB0018E597 /* MainTabController.swift */; };
		55489F0622F649160069047B /* AppDelegate.swift in Sources */ = {isa = PBXBuildFile; fileRef = 55489F0522F649160069047B /* AppDelegate.swift */; };
		55489F0822F649160069047B /* ViewController.swift in Sources */ = {isa = PBXBuildFile; fileRef = 55489F0722F649160069047B /* ViewController.swift */; };
		55489F0B22F649160069047B /* Main.storyboard in Resources */ = {isa = PBXBuildFile; fileRef = 55489F0922F649160069047B /* Main.storyboard */; };
		55489F0D22F649180069047B /* Assets.xcassets in Resources */ = {isa = PBXBuildFile; fileRef = 55489F0C22F649180069047B /* Assets.xcassets */; };
		55489F1022F649180069047B /* LaunchScreen.storyboard in Resources */ = {isa = PBXBuildFile; fileRef = 55489F0E22F649180069047B /* LaunchScreen.storyboard */; };
		55489F1B22F649180069047B /* trabalho_finalTests.swift in Sources */ = {isa = PBXBuildFile; fileRef = 55489F1A22F649180069047B /* trabalho_finalTests.swift */; };
		55489F2622F649180069047B /* trabalho_finalUITests.swift in Sources */ = {isa = PBXBuildFile; fileRef = 55489F2522F649180069047B /* trabalho_finalUITests.swift */; };
		556B9B7622FFC0D90096A810 /* FilmesTableViewController.swift in Sources */ = {isa = PBXBuildFile; fileRef = 556B9B7522FFC0D90096A810 /* FilmesTableViewController.swift */; };
		556B9B7822FFC23F0096A810 /* Filme.swift in Sources */ = {isa = PBXBuildFile; fileRef = 556B9B7722FFC23F0096A810 /* Filme.swift */; };
		556B9B7A22FFC90A0096A810 /* logo.png in Resources */ = {isa = PBXBuildFile; fileRef = 556B9B7922FFC9090096A810 /* logo.png */; };
		556B9B7C22FFC9270096A810 /* user-logo.png in Resources */ = {isa = PBXBuildFile; fileRef = 556B9B7B22FFC9270096A810 /* user-logo.png */; };
		556B9B7E22FFC96F0096A810 /* capita_marvel.jpg in Resources */ = {isa = PBXBuildFile; fileRef = 556B9B7D22FFC96F0096A810 /* capita_marvel.jpg */; };
		556B9B8022FFC97A0096A810 /* homem_formiga.jpg in Resources */ = {isa = PBXBuildFile; fileRef = 556B9B7F22FFC97A0096A810 /* homem_formiga.jpg */; };
		556B9B8222FFC9880096A810 /* poster.jpg in Resources */ = {isa = PBXBuildFile; fileRef = 556B9B8122FFC9880096A810 /* poster.jpg */; };
		556B9B8422FFCA7F0096A810 /* vingadores.jpg in Resources */ = {isa = PBXBuildFile; fileRef = 556B9B8322FFCA7F0096A810 /* vingadores.jpg */; };
		556B9B86230054600096A810 /* FilmeCell.swift in Sources */ = {isa = PBXBuildFile; fileRef = 556B9B85230054600096A810 /* FilmeCell.swift */; };
		556B9B8823006A5B0096A810 /* FilmeDetail.swift in Sources */ = {isa = PBXBuildFile; fileRef = 556B9B8723006A5B0096A810 /* FilmeDetail.swift */; };
		556B9B8A2300A7320096A810 /* FilmeCell2.swift in Sources */ = {isa = PBXBuildFile; fileRef = 556B9B892300A7320096A810 /* FilmeCell2.swift */; };
		556B9B8C2300A7FE0096A810 /* ViewFilmeCell.xib in Resources */ = {isa = PBXBuildFile; fileRef = 556B9B8B2300A7FE0096A810 /* ViewFilmeCell.xib */; };
/* End PBXBuildFile section */

/* Begin PBXContainerItemProxy section */
		55489F1722F649180069047B /* PBXContainerItemProxy */ = {
			isa = PBXContainerItemProxy;
			containerPortal = 55489EFA22F649160069047B /* Project object */;
			proxyType = 1;
			remoteGlobalIDString = 55489F0122F649160069047B;
			remoteInfo = trabalho_final;
		};
		55489F2222F649180069047B /* PBXContainerItemProxy */ = {
			isa = PBXContainerItemProxy;
			containerPortal = 55489EFA22F649160069047B /* Project object */;
			proxyType = 1;
			remoteGlobalIDString = 55489F0122F649160069047B;
			remoteInfo = trabalho_final;
		};
/* End PBXContainerItemProxy section */

/* Begin PBXFileReference section */
		551E679922F776F30018E597 /* RegisterViewController.swift */ = {isa = PBXFileReference; lastKnownFileType = sourcecode.swift; path = RegisterViewController.swift; sourceTree = "<group>"; };
		551E679B22F797FB0018E597 /* MainTabController.swift */ = {isa = PBXFileReference; lastKnownFileType = sourcecode.swift; path = MainTabController.swift; sourceTree = "<group>"; };
		55489F0222F649160069047B /* trabalho_final.app */ = {isa = PBXFileReference; explicitFileType = wrapper.application; includeInIndex = 0; path = trabalho_final.app; sourceTree = BUILT_PRODUCTS_DIR; };
		55489F0522F649160069047B /* AppDelegate.swift */ = {isa = PBXFileReference; lastKnownFileType = sourcecode.swift; path = AppDelegate.swift; sourceTree = "<group>"; };
		55489F0722F649160069047B /* ViewController.swift */ = {isa = PBXFileReference; lastKnownFileType = sourcecode.swift; path = ViewController.swift; sourceTree = "<group>"; };
		55489F0A22F649160069047B /* Base */ = {isa = PBXFileReference; lastKnownFileType = file.storyboard; name = Base; path = Base.lproj/Main.storyboard; sourceTree = "<group>"; };
		55489F0C22F649180069047B /* Assets.xcassets */ = {isa = PBXFileReference; lastKnownFileType = folder.assetcatalog; path = Assets.xcassets; sourceTree = "<group>"; };
		55489F0F22F649180069047B /* Base */ = {isa = PBXFileReference; lastKnownFileType = file.storyboard; name = Base; path = Base.lproj/LaunchScreen.storyboard; sourceTree = "<group>"; };
		55489F1122F649180069047B /* Info.plist */ = {isa = PBXFileReference; lastKnownFileType = text.plist.xml; path = Info.plist; sourceTree = "<group>"; };
		55489F1622F649180069047B /* trabalho_finalTests.xctest */ = {isa = PBXFileReference; explicitFileType = wrapper.cfbundle; includeInIndex = 0; path = trabalho_finalTests.xctest; sourceTree = BUILT_PRODUCTS_DIR; };
		55489F1A22F649180069047B /* trabalho_finalTests.swift */ = {isa = PBXFileReference; lastKnownFileType = sourcecode.swift; path = trabalho_finalTests.swift; sourceTree = "<group>"; };
		55489F1C22F649180069047B /* Info.plist */ = {isa = PBXFileReference; lastKnownFileType = text.plist.xml; path = Info.plist; sourceTree = "<group>"; };
		55489F2122F649180069047B /* trabalho_finalUITests.xctest */ = {isa = PBXFileReference; explicitFileType = wrapper.cfbundle; includeInIndex = 0; path = trabalho_finalUITests.xctest; sourceTree = BUILT_PRODUCTS_DIR; };
		55489F2522F649180069047B /* trabalho_finalUITests.swift */ = {isa = PBXFileReference; lastKnownFileType = sourcecode.swift; path = trabalho_finalUITests.swift; sourceTree = "<group>"; };
		55489F2722F649180069047B /* Info.plist */ = {isa = PBXFileReference; lastKnownFileType = text.plist.xml; path = Info.plist; sourceTree = "<group>"; };
		556B9B7522FFC0D90096A810 /* FilmesTableViewController.swift */ = {isa = PBXFileReference; lastKnownFileType = sourcecode.swift; path = FilmesTableViewController.swift; sourceTree = "<group>"; };
		556B9B7722FFC23F0096A810 /* Filme.swift */ = {isa = PBXFileReference; lastKnownFileType = sourcecode.swift; path = Filme.swift; sourceTree = "<group>"; };
		556B9B7922FFC9090096A810 /* logo.png */ = {isa = PBXFileReference; lastKnownFileType = image.png; name = logo.png; path = ../../imgs/logo.png; sourceTree = "<group>"; };
		556B9B7B22FFC9270096A810 /* user-logo.png */ = {isa = PBXFileReference; lastKnownFileType = image.png; name = "user-logo.png"; path = "../../imgs/user-logo.png"; sourceTree = "<group>"; };
		556B9B7D22FFC96F0096A810 /* capita_marvel.jpg */ = {isa = PBXFileReference; lastKnownFileType = image.jpeg; name = capita_marvel.jpg; path = ../../imgs/capita_marvel.jpg; sourceTree = "<group>"; };
		556B9B7F22FFC97A0096A810 /* homem_formiga.jpg */ = {isa = PBXFileReference; lastKnownFileType = image.jpeg; name = homem_formiga.jpg; path = ../../imgs/homem_formiga.jpg; sourceTree = "<group>"; };
		556B9B8122FFC9880096A810 /* poster.jpg */ = {isa = PBXFileReference; lastKnownFileType = image.jpeg; name = poster.jpg; path = ../../imgs/poster.jpg; sourceTree = "<group>"; };
		556B9B8322FFCA7F0096A810 /* vingadores.jpg */ = {isa = PBXFileReference; lastKnownFileType = image.jpeg; name = vingadores.jpg; path = ../../imgs/vingadores.jpg; sourceTree = "<group>"; };
		556B9B85230054600096A810 /* FilmeCell.swift */ = {isa = PBXFileReference; lastKnownFileType = sourcecode.swift; path = FilmeCell.swift; sourceTree = "<group>"; };
		556B9B8723006A5B0096A810 /* FilmeDetail.swift */ = {isa = PBXFileReference; lastKnownFileType = sourcecode.swift; path = FilmeDetail.swift; sourceTree = "<group>"; };
		556B9B892300A7320096A810 /* FilmeCell2.swift */ = {isa = PBXFileReference; lastKnownFileType = sourcecode.swift; path = FilmeCell2.swift; sourceTree = "<group>"; };
		556B9B8B2300A7FE0096A810 /* ViewFilmeCell.xib */ = {isa = PBXFileReference; lastKnownFileType = file.xib; path = ViewFilmeCell.xib; sourceTree = "<group>"; };
/* End PBXFileReference section */

/* Begin PBXFrameworksBuildPhase section */
		55489EFF22F649160069047B /* Frameworks */ = {
			isa = PBXFrameworksBuildPhase;
			buildActionMask = 2147483647;
			files = (
			);
			runOnlyForDeploymentPostprocessing = 0;
		};
		55489F1322F649180069047B /* Frameworks */ = {
			isa = PBXFrameworksBuildPhase;
			buildActionMask = 2147483647;
			files = (
			);
			runOnlyForDeploymentPostprocessing = 0;
		};
		55489F1E22F649180069047B /* Frameworks */ = {
			isa = PBXFrameworksBuildPhase;
			buildActionMask = 2147483647;
			files = (
			);
			runOnlyForDeploymentPostprocessing = 0;
		};
/* End PBXFrameworksBuildPhase section */

/* Begin PBXGroup section */
		55489EF922F649160069047B = {
			isa = PBXGroup;
			children = (
				55489F0422F649160069047B /* trabalho_final */,
				55489F1922F649180069047B /* trabalho_finalTests */,
				55489F2422F649180069047B /* trabalho_finalUITests */,
				55489F0322F649160069047B /* Products */,
			);
			sourceTree = "<group>";
		};
		55489F0322F649160069047B /* Products */ = {
			isa = PBXGroup;
			children = (
				55489F0222F649160069047B /* trabalho_final.app */,
				55489F1622F649180069047B /* trabalho_finalTests.xctest */,
				55489F2122F649180069047B /* trabalho_finalUITests.xctest */,
			);
			name = Products;
			sourceTree = "<group>";
		};
		55489F0422F649160069047B /* trabalho_final */ = {
			isa = PBXGroup;
			children = (
				55489F0522F649160069047B /* AppDelegate.swift */,
				55489F0722F649160069047B /* ViewController.swift */,
				551E679922F776F30018E597 /* RegisterViewController.swift */,
				55489F0922F649160069047B /* Main.storyboard */,
				55489F0C22F649180069047B /* Assets.xcassets */,
				556B9B8322FFCA7F0096A810 /* vingadores.jpg */,
				556B9B8122FFC9880096A810 /* poster.jpg */,
				556B9B7F22FFC97A0096A810 /* homem_formiga.jpg */,
				556B9B7D22FFC96F0096A810 /* capita_marvel.jpg */,
				556B9B7B22FFC9270096A810 /* user-logo.png */,
				556B9B7922FFC9090096A810 /* logo.png */,
				55489F0E22F649180069047B /* LaunchScreen.storyboard */,
				55489F1122F649180069047B /* Info.plist */,
				551E679B22F797FB0018E597 /* MainTabController.swift */,
				556B9B7522FFC0D90096A810 /* FilmesTableViewController.swift */,
				556B9B7722FFC23F0096A810 /* Filme.swift */,
				556B9B85230054600096A810 /* FilmeCell.swift */,
				556B9B8723006A5B0096A810 /* FilmeDetail.swift */,
				556B9B892300A7320096A810 /* FilmeCell2.swift */,
				556B9B8B2300A7FE0096A810 /* ViewFilmeCell.xib */,
			);
			path = trabalho_final;
			sourceTree = "<group>";
		};
		55489F1922F649180069047B /* trabalho_finalTests */ = {
			isa = PBXGroup;
			children = (
				55489F1A22F649180069047B /* trabalho_finalTests.swift */,
				55489F1C22F649180069047B /* Info.plist */,
			);
			path = trabalho_finalTests;
			sourceTree = "<group>";
		};
		55489F2422F649180069047B /* trabalho_finalUITests */ = {
			isa = PBXGroup;
			children = (
				55489F2522F649180069047B /* trabalho_finalUITests.swift */,
				55489F2722F649180069047B /* Info.plist */,
			);
			path = trabalho_finalUITests;
			sourceTree = "<group>";
		};
/* End PBXGroup section */

/* Begin PBXNativeTarget section */
		55489F0122F649160069047B /* trabalho_final */ = {
			isa = PBXNativeTarget;
			buildConfigurationList = 55489F2A22F649180069047B /* Build configuration list for PBXNativeTarget "trabalho_final" */;
			buildPhases = (
				55489EFE22F649160069047B /* Sources */,
				55489EFF22F649160069047B /* Frameworks */,
				55489F0022F649160069047B /* Resources */,
			);
			buildRules = (
			);
			dependencies = (
			);
			name = trabalho_final;
			productName = trabalho_final;
			productReference = 55489F0222F649160069047B /* trabalho_final.app */;
			productType = "com.apple.product-type.application";
		};
		55489F1522F649180069047B /* trabalho_finalTests */ = {
			isa = PBXNativeTarget;
			buildConfigurationList = 55489F2D22F649180069047B /* Build configuration list for PBXNativeTarget "trabalho_finalTests" */;
			buildPhases = (
				55489F1222F649180069047B /* Sources */,
				55489F1322F649180069047B /* Frameworks */,
				55489F1422F649180069047B /* Resources */,
			);
			buildRules = (
			);
			dependencies = (
				55489F1822F649180069047B /* PBXTargetDependency */,
			);
			name = trabalho_finalTests;
			productName = trabalho_finalTests;
			productReference = 55489F1622F649180069047B /* trabalho_finalTests.xctest */;
			productType = "com.apple.product-type.bundle.unit-test";
		};
		55489F2022F649180069047B /* trabalho_finalUITests */ = {
			isa = PBXNativeTarget;
			buildConfigurationList = 55489F3022F649180069047B /* Build configuration list for PBXNativeTarget "trabalho_finalUITests" */;
			buildPhases = (
				55489F1D22F649180069047B /* Sources */,
				55489F1E22F649180069047B /* Frameworks */,
				55489F1F22F649180069047B /* Resources */,
			);
			buildRules = (
			);
			dependencies = (
				55489F2322F649180069047B /* PBXTargetDependency */,
			);
			name = trabalho_finalUITests;
			productName = trabalho_finalUITests;
			productReference = 55489F2122F649180069047B /* trabalho_finalUITests.xctest */;
			productType = "com.apple.product-type.bundle.ui-testing";
		};
/* End PBXNativeTarget section */

/* Begin PBXProject section */
		55489EFA22F649160069047B /* Project object */ = {
			isa = PBXProject;
			attributes = {
				LastSwiftUpdateCheck = 1020;
				LastUpgradeCheck = 1020;
				ORGANIZATIONNAME = "Gabriel Guimarães";
				TargetAttributes = {
					55489F0122F649160069047B = {
						CreatedOnToolsVersion = 10.2.1;
					};
					55489F1522F649180069047B = {
						CreatedOnToolsVersion = 10.2.1;
						TestTargetID = 55489F0122F649160069047B;
					};
					55489F2022F649180069047B = {
						CreatedOnToolsVersion = 10.2.1;
						TestTargetID = 55489F0122F649160069047B;
					};
				};
			};
			buildConfigurationList = 55489EFD22F649160069047B /* Build configuration list for PBXProject "trabalho_final" */;
			compatibilityVersion = "Xcode 9.3";
			developmentRegion = en;
			hasScannedForEncodings = 0;
			knownRegions = (
				en,
				Base,
			);
			mainGroup = 55489EF922F649160069047B;
			productRefGroup = 55489F0322F649160069047B /* Products */;
			projectDirPath = "";
			projectRoot = "";
			targets = (
				55489F0122F649160069047B /* trabalho_final */,
				55489F1522F649180069047B /* trabalho_finalTests */,
				55489F2022F649180069047B /* trabalho_finalUITests */,
			);
		};
/* End PBXProject section */

/* Begin PBXResourcesBuildPhase section */
		55489F0022F649160069047B /* Resources */ = {
			isa = PBXResourcesBuildPhase;
			buildActionMask = 2147483647;
			files = (
				556B9B7E22FFC96F0096A810 /* capita_marvel.jpg in Resources */,
				556B9B7C22FFC9270096A810 /* user-logo.png in Resources */,
				556B9B8C2300A7FE0096A810 /* ViewFilmeCell.xib in Resources */,
				556B9B7A22FFC90A0096A810 /* logo.png in Resources */,
				55489F1022F649180069047B /* LaunchScreen.storyboard in Resources */,
				556B9B8022FFC97A0096A810 /* homem_formiga.jpg in Resources */,
				55489F0D22F649180069047B /* Assets.xcassets in Resources */,
				556B9B8222FFC9880096A810 /* poster.jpg in Resources */,
				55489F0B22F649160069047B /* Main.storyboard in Resources */,
				556B9B8422FFCA7F0096A810 /* vingadores.jpg in Resources */,
			);
			runOnlyForDeploymentPostprocessing = 0;
		};
		55489F1422F649180069047B /* Resources */ = {
			isa = PBXResourcesBuildPhase;
			buildActionMask = 2147483647;
			files = (
			);
			runOnlyForDeploymentPostprocessing = 0;
		};
		55489F1F22F649180069047B /* Resources */ = {
			isa = PBXResourcesBuildPhase;
			buildActionMask = 2147483647;
			files = (
			);
			runOnlyForDeploymentPostprocessing = 0;
		};
/* End PBXResourcesBuildPhase section */

/* Begin PBXSourcesBuildPhase section */
		55489EFE22F649160069047B /* Sources */ = {
			isa = PBXSourcesBuildPhase;
			buildActionMask = 2147483647;
			files = (
				556B9B8A2300A7320096A810 /* FilmeCell2.swift in Sources */,
				551E679A22F776F30018E597 /* RegisterViewController.swift in Sources */,
				556B9B7822FFC23F0096A810 /* Filme.swift in Sources */,
				55489F0822F649160069047B /* ViewController.swift in Sources */,
				556B9B7622FFC0D90096A810 /* FilmesTableViewController.swift in Sources */,
				556B9B8823006A5B0096A810 /* FilmeDetail.swift in Sources */,
				556B9B86230054600096A810 /* FilmeCell.swift in Sources */,
				551E679C22F797FB0018E597 /* MainTabController.swift in Sources */,
				55489F0622F649160069047B /* AppDelegate.swift in Sources */,
			);
			runOnlyForDeploymentPostprocessing = 0;
		};
		55489F1222F649180069047B /* Sources */ = {
			isa = PBXSourcesBuildPhase;
			buildActionMask = 2147483647;
			files = (
				55489F1B22F649180069047B /* trabalho_finalTests.swift in Sources */,
			);
			runOnlyForDeploymentPostprocessing = 0;
		};
		55489F1D22F649180069047B /* Sources */ = {
			isa = PBXSourcesBuildPhase;
			buildActionMask = 2147483647;
			files = (
				55489F2622F649180069047B /* trabalho_finalUITests.swift in Sources */,
			);
			runOnlyForDeploymentPostprocessing = 0;
		};
/* End PBXSourcesBuildPhase section */

/* Begin PBXTargetDependency section */
		55489F1822F649180069047B /* PBXTargetDependency */ = {
			isa = PBXTargetDependency;
			target = 55489F0122F649160069047B /* trabalho_final */;
			targetProxy = 55489F1722F649180069047B /* PBXContainerItemProxy */;
		};
		55489F2322F649180069047B /* PBXTargetDependency */ = {
			isa = PBXTargetDependency;
			target = 55489F0122F649160069047B /* trabalho_final */;
			targetProxy = 55489F2222F649180069047B /* PBXContainerItemProxy */;
		};
/* End PBXTargetDependency section */

/* Begin PBXVariantGroup section */
		55489F0922F649160069047B /* Main.storyboard */ = {
			isa = PBXVariantGroup;
			children = (
				55489F0A22F649160069047B /* Base */,
			);
			name = Main.storyboard;
			sourceTree = "<group>";
		};
		55489F0E22F649180069047B /* LaunchScreen.storyboard */ = {
			isa = PBXVariantGroup;
			children = (
				55489F0F22F649180069047B /* Base */,
			);
			name = LaunchScreen.storyboard;
			sourceTree = "<group>";
		};
/* End PBXVariantGroup section */

/* Begin XCBuildConfiguration section */
		55489F2822F649180069047B /* Debug */ = {
			isa = XCBuildConfiguration;
			buildSettings = {
				ALWAYS_SEARCH_USER_PATHS = NO;
				CLANG_ANALYZER_NONNULL = YES;
				CLANG_ANALYZER_NUMBER_OBJECT_CONVERSION = YES_AGGRESSIVE;
				CLANG_CXX_LANGUAGE_STANDARD = "gnu++14";
				CLANG_CXX_LIBRARY = "libc++";
				CLANG_ENABLE_MODULES = YES;
				CLANG_ENABLE_OBJC_ARC = YES;
				CLANG_ENABLE_OBJC_WEAK = YES;
				CLANG_WARN_BLOCK_CAPTURE_AUTORELEASING = YES;
				CLANG_WARN_BOOL_CONVERSION = YES;
				CLANG_WARN_COMMA = YES;
				CLANG_WARN_CONSTANT_CONVERSION = YES;
				CLANG_WARN_DEPRECATED_OBJC_IMPLEMENTATIONS = YES;
				CLANG_WARN_DIRECT_OBJC_ISA_USAGE = YES_ERROR;
				CLANG_WARN_DOCUMENTATION_COMMENTS = YES;
				CLANG_WARN_EMPTY_BODY = YES;
				CLANG_WARN_ENUM_CONVERSION = YES;
				CLANG_WARN_INFINITE_RECURSION = YES;
				CLANG_WARN_INT_CONVERSION = YES;
				CLANG_WARN_NON_LITERAL_NULL_CONVERSION = YES;
				CLANG_WARN_OBJC_IMPLICIT_RETAIN_SELF = YES;
				CLANG_WARN_OBJC_LITERAL_CONVERSION = YES;
				CLANG_WARN_OBJC_ROOT_CLASS = YES_ERROR;
				CLANG_WARN_RANGE_LOOP_ANALYSIS = YES;
				CLANG_WARN_STRICT_PROTOTYPES = YES;
				CLANG_WARN_SUSPICIOUS_MOVE = YES;
				CLANG_WARN_UNGUARDED_AVAILABILITY = YES_AGGRESSIVE;
				CLANG_WARN_UNREACHABLE_CODE = YES;
				CLANG_WARN__DUPLICATE_METHOD_MATCH = YES;
				CODE_SIGN_IDENTITY = "iPhone Developer";
				COPY_PHASE_STRIP = NO;
				DEBUG_INFORMATION_FORMAT = dwarf;
				ENABLE_STRICT_OBJC_MSGSEND = YES;
				ENABLE_TESTABILITY = YES;
				GCC_C_LANGUAGE_STANDARD = gnu11;
				GCC_DYNAMIC_NO_PIC = NO;
				GCC_NO_COMMON_BLOCKS = YES;
				GCC_OPTIMIZATION_LEVEL = 0;
				GCC_PREPROCESSOR_DEFINITIONS = (
					"DEBUG=1",
					"$(inherited)",
				);
				GCC_WARN_64_TO_32_BIT_CONVERSION = YES;
				GCC_WARN_ABOUT_RETURN_TYPE = YES_ERROR;
				GCC_WARN_UNDECLARED_SELECTOR = YES;
				GCC_WARN_UNINITIALIZED_AUTOS = YES_AGGRESSIVE;
				GCC_WARN_UNUSED_FUNCTION = YES;
				GCC_WARN_UNUSED_VARIABLE = YES;
				IPHONEOS_DEPLOYMENT_TARGET = 12.2;
				MTL_ENABLE_DEBUG_INFO = INCLUDE_SOURCE;
				MTL_FAST_MATH = YES;
				ONLY_ACTIVE_ARCH = YES;
				SDKROOT = iphoneos;
				SWIFT_ACTIVE_COMPILATION_CONDITIONS = DEBUG;
				SWIFT_OPTIMIZATION_LEVEL = "-Onone";
			};
			name = Debug;
		};
		55489F2922F649180069047B /* Release */ = {
			isa = XCBuildConfiguration;
			buildSettings = {
				ALWAYS_SEARCH_USER_PATHS = NO;
				CLANG_ANALYZER_NONNULL = YES;
				CLANG_ANALYZER_NUMBER_OBJECT_CONVERSION = YES_AGGRESSIVE;
				CLANG_CXX_LANGUAGE_STANDARD = "gnu++14";
				CLANG_CXX_LIBRARY = "libc++";
				CLANG_ENABLE_MODULES = YES;
				CLANG_ENABLE_OBJC_ARC = YES;
				CLANG_ENABLE_OBJC_WEAK = YES;
				CLANG_WARN_BLOCK_CAPTURE_AUTORELEASING = YES;
				CLANG_WARN_BOOL_CONVERSION = YES;
				CLANG_WARN_COMMA = YES;
				CLANG_WARN_CONSTANT_CONVERSION = YES;
				CLANG_WARN_DEPRECATED_OBJC_IMPLEMENTATIONS = YES;
				CLANG_WARN_DIRECT_OBJC_ISA_USAGE = YES_ERROR;
				CLANG_WARN_DOCUMENTATION_COMMENTS = YES;
				CLANG_WARN_EMPTY_BODY = YES;
				CLANG_WARN_ENUM_CONVERSION = YES;
				CLANG_WARN_INFINITE_RECURSION = YES;
				CLANG_WARN_INT_CONVERSION = YES;
				CLANG_WARN_NON_LITERAL_NULL_CONVERSION = YES;
				CLANG_WARN_OBJC_IMPLICIT_RETAIN_SELF = YES;
				CLANG_WARN_OBJC_LITERAL_CONVERSION = YES;
				CLANG_WARN_OBJC_ROOT_CLASS = YES_ERROR;
				CLANG_WARN_RANGE_LOOP_ANALYSIS = YES;
				CLANG_WARN_STRICT_PROTOTYPES = YES;
				CLANG_WARN_SUSPICIOUS_MOVE = YES;
				CLANG_WARN_UNGUARDED_AVAILABILITY = YES_AGGRESSIVE;
				CLANG_WARN_UNREACHABLE_CODE = YES;
				CLANG_WARN__DUPLICATE_METHOD_MATCH = YES;
				CODE_SIGN_IDENTITY = "iPhone Developer";
				COPY_PHASE_STRIP = NO;
				DEBUG_INFORMATION_FORMAT = "dwarf-with-dsym";
				ENABLE_NS_ASSERTIONS = NO;
				ENABLE_STRICT_OBJC_MSGSEND = YES;
				GCC_C_LANGUAGE_STANDARD = gnu11;
				GCC_NO_COMMON_BLOCKS = YES;
				GCC_WARN_64_TO_32_BIT_CONVERSION = YES;
				GCC_WARN_ABOUT_RETURN_TYPE = YES_ERROR;
				GCC_WARN_UNDECLARED_SELECTOR = YES;
				GCC_WARN_UNINITIALIZED_AUTOS = YES_AGGRESSIVE;
				GCC_WARN_UNUSED_FUNCTION = YES;
				GCC_WARN_UNUSED_VARIABLE = YES;
				IPHONEOS_DEPLOYMENT_TARGET = 12.2;
				MTL_ENABLE_DEBUG_INFO = NO;
				MTL_FAST_MATH = YES;
				SDKROOT = iphoneos;
				SWIFT_COMPILATION_MODE = wholemodule;
				SWIFT_OPTIMIZATION_LEVEL = "-O";
				VALIDATE_PRODUCT = YES;
			};
			name = Release;
		};
		55489F2B22F649180069047B /* Debug */ = {
			isa = XCBuildConfiguration;
			buildSettings = {
				ASSETCATALOG_COMPILER_APPICON_NAME = AppIcon;
				CODE_SIGN_STYLE = Automatic;
				DEVELOPMENT_TEAM = 94WQCJWV5P;
				INFOPLIST_FILE = trabalho_final/Info.plist;
				LD_RUNPATH_SEARCH_PATHS = (
					"$(inherited)",
					"@executable_path/Frameworks",
				);
				PRODUCT_BUNDLE_IDENTIFIER = "br.estudos.guima.trabalho-final";
				PRODUCT_NAME = "$(TARGET_NAME)";
				SWIFT_VERSION = 5.0;
				TARGETED_DEVICE_FAMILY = "1,2";
			};
			name = Debug;
		};
		55489F2C22F649180069047B /* Release */ = {
			isa = XCBuildConfiguration;
			buildSettings = {
				ASSETCATALOG_COMPILER_APPICON_NAME = AppIcon;
				CODE_SIGN_STYLE = Automatic;
				DEVELOPMENT_TEAM = 94WQCJWV5P;
				INFOPLIST_FILE = trabalho_final/Info.plist;
				LD_RUNPATH_SEARCH_PATHS = (
					"$(inherited)",
					"@executable_path/Frameworks",
				);
				PRODUCT_BUNDLE_IDENTIFIER = "br.estudos.guima.trabalho-final";
				PRODUCT_NAME = "$(TARGET_NAME)";
				SWIFT_VERSION = 5.0;
				TARGETED_DEVICE_FAMILY = "1,2";
			};
			name = Release;
		};
		55489F2E22F649180069047B /* Debug */ = {
			isa = XCBuildConfiguration;
			buildSettings = {
				ALWAYS_EMBED_SWIFT_STANDARD_LIBRARIES = YES;
				BUNDLE_LOADER = "$(TEST_HOST)";
				CODE_SIGN_STYLE = Automatic;
				INFOPLIST_FILE = trabalho_finalTests/Info.plist;
				LD_RUNPATH_SEARCH_PATHS = (
					"$(inherited)",
					"@executable_path/Frameworks",
					"@loader_path/Frameworks",
				);
				PRODUCT_BUNDLE_IDENTIFIER = "br.estudos.guima.trabalho-finalTests";
				PRODUCT_NAME = "$(TARGET_NAME)";
				SWIFT_VERSION = 5.0;
				TARGETED_DEVICE_FAMILY = "1,2";
				TEST_HOST = "$(BUILT_PRODUCTS_DIR)/trabalho_final.app/trabalho_final";
			};
			name = Debug;
		};
		55489F2F22F649180069047B /* Release */ = {
			isa = XCBuildConfiguration;
			buildSettings = {
				ALWAYS_EMBED_SWIFT_STANDARD_LIBRARIES = YES;
				BUNDLE_LOADER = "$(TEST_HOST)";
				CODE_SIGN_STYLE = Automatic;
				INFOPLIST_FILE = trabalho_finalTests/Info.plist;
				LD_RUNPATH_SEARCH_PATHS = (
					"$(inherited)",
					"@executable_path/Frameworks",
					"@loader_path/Frameworks",
				);
				PRODUCT_BUNDLE_IDENTIFIER = "br.estudos.guima.trabalho-finalTests";
				PRODUCT_NAME = "$(TARGET_NAME)";
				SWIFT_VERSION = 5.0;
				TARGETED_DEVICE_FAMILY = "1,2";
				TEST_HOST = "$(BUILT_PRODUCTS_DIR)/trabalho_final.app/trabalho_final";
			};
			name = Release;
		};
		55489F3122F649180069047B /* Debug */ = {
			isa = XCBuildConfiguration;
			buildSettings = {
				ALWAYS_EMBED_SWIFT_STANDARD_LIBRARIES = YES;
				CODE_SIGN_STYLE = Automatic;
				INFOPLIST_FILE = trabalho_finalUITests/Info.plist;
				LD_RUNPATH_SEARCH_PATHS = (
					"$(inherited)",
					"@executable_path/Frameworks",
					"@loader_path/Frameworks",
				);
				PRODUCT_BUNDLE_IDENTIFIER = "br.estudos.guima.trabalho-finalUITests";
				PRODUCT_NAME = "$(TARGET_NAME)";
				SWIFT_VERSION = 5.0;
				TARGETED_DEVICE_FAMILY = "1,2";
				TEST_TARGET_NAME = trabalho_final;
			};
			name = Debug;
		};
		55489F3222F649180069047B /* Release */ = {
			isa = XCBuildConfiguration;
			buildSettings = {
				ALWAYS_EMBED_SWIFT_STANDARD_LIBRARIES = YES;
				CODE_SIGN_STYLE = Automatic;
				INFOPLIST_FILE = trabalho_finalUITests/Info.plist;
				LD_RUNPATH_SEARCH_PATHS = (
					"$(inherited)",
					"@executable_path/Frameworks",
					"@loader_path/Frameworks",
				);
				PRODUCT_BUNDLE_IDENTIFIER = "br.estudos.guima.trabalho-finalUITests";
				PRODUCT_NAME = "$(TARGET_NAME)";
				SWIFT_VERSION = 5.0;
				TARGETED_DEVICE_FAMILY = "1,2";
				TEST_TARGET_NAME = trabalho_final;
			};
			name = Release;
		};
/* End XCBuildConfiguration section */

/* Begin XCConfigurationList section */
		55489EFD22F649160069047B /* Build configuration list for PBXProject "trabalho_final" */ = {
			isa = XCConfigurationList;
			buildConfigurations = (
				55489F2822F649180069047B /* Debug */,
				55489F2922F649180069047B /* Release */,
			);
			defaultConfigurationIsVisible = 0;
			defaultConfigurationName = Release;
		};
		55489F2A22F649180069047B /* Build configuration list for PBXNativeTarget "trabalho_final" */ = {
			isa = XCConfigurationList;
			buildConfigurations = (
				55489F2B22F649180069047B /* Debug */,
				55489F2C22F649180069047B /* Release */,
			);
			defaultConfigurationIsVisible = 0;
			defaultConfigurationName = Release;
		};
		55489F2D22F649180069047B /* Build configuration list for PBXNativeTarget "trabalho_finalTests" */ = {
			isa = XCConfigurationList;
			buildConfigurations = (
				55489F2E22F649180069047B /* Debug */,
				55489F2F22F649180069047B /* Release */,
			);
			defaultConfigurationIsVisible = 0;
			defaultConfigurationName = Release;
		};
		55489F3022F649180069047B /* Build configuration list for PBXNativeTarget "trabalho_finalUITests" */ = {
			isa = XCConfigurationList;
			buildConfigurations = (
				55489F3122F649180069047B /* Debug */,
				55489F3222F649180069047B /* Release */,
			);
			defaultConfigurationIsVisible = 0;
			defaultConfigurationName = Release;
		};
/* End XCConfigurationList section */
	};
	rootObject = 55489EFA22F649160069047B /* Project object */;
}
